
Microsoft Visual Studio Solution File, Format Version 12.00
# Visual Studio Version 17
VisualStudioVersion = 17.11.35327.3
MinimumVisualStudioVersion = 10.0.40219.1
Project("{FAE04EC0-301F-11D3-BF4B-00C04F79EFBC}") = "Neagu_Sergiu_Game_Development_Project", "Neagu_Sergiu_Game_Development_Project\Neagu_Sergiu_Game_Development_Project.csproj", "{4309BE22-7EBC-4AA2-B86B-3C3ECB45CED7}"
EndProject
Global
	GlobalSection(SolutionConfigurationPlatforms) = preSolution
		Debug|Any CPU = Debug|Any CPU
		Release|Any CPU = Release|Any CPU
	EndGlobalSection
	GlobalSection(ProjectConfigurationPlatforms) = postSolution
		{4309BE22-7EBC-4AA2-B86B-3C3ECB45CED7}.Debug|Any CPU.ActiveCfg = Debug|Any CPU
		{4309BE22-7EBC-4AA2-B86B-3C3ECB45CED7}.Debug|Any CPU.Build.0 = Debug|Any CPU
		{4309BE22-7EBC-4AA2-B86B-3C3ECB45CED7}.Release|Any CPU.ActiveCfg = Release|Any CPU
		{4309BE22-7EBC-4AA2-B86B-3C3ECB45CED7}.Release|Any CPU.Build.0 = Release|Any CPU
	EndGlobalSection
	GlobalSection(SolutionProperties) = preSolution
		HideSolutionNode = FALSE
	EndGlobalSection
	GlobalSection(ExtensibilityGlobals) = postSolution
		SolutionGuid = {99874B66-F2B1-44A6-9721-1C1368338A83}
	EndGlobalSection
EndGlobal
