
Microsoft Visual Studio Solution File, Format Version 12.00
# Visual Studio Version 17
VisualStudioVersion = 17.11.35327.3
MinimumVisualStudioVersion = 10.0.40219.1
Project("{FAE04EC0-301F-11D3-BF4B-00C04F79EFBC}") = "Neagu_Sergiu_Game_Development_Project", "Neagu_Sergiu_Game_Development_Project\Neagu_Sergiu_Game_Development_Project.csproj", "{120317C2-3F77-420D-A04F-B48DFD54DF8B}"
EndProject
Global
	GlobalSection(SolutionConfigurationPlatforms) = preSolution
		Debug|Any CPU = Debug|Any CPU
		Release|Any CPU = Release|Any CPU
	EndGlobalSection
	GlobalSection(ProjectConfigurationPlatforms) = postSolution
		{120317C2-3F77-420D-A04F-B48DFD54DF8B}.Debug|Any CPU.ActiveCfg = Debug|Any CPU
		{120317C2-3F77-420D-A04F-B48DFD54DF8B}.Debug|Any CPU.Build.0 = Debug|Any CPU
		{120317C2-3F77-420D-A04F-B48DFD54DF8B}.Release|Any CPU.ActiveCfg = Release|Any CPU
		{120317C2-3F77-420D-A04F-B48DFD54DF8B}.Release|Any CPU.Build.0 = Release|Any CPU
	EndGlobalSection
	GlobalSection(SolutionProperties) = preSolution
		HideSolutionNode = FALSE
	EndGlobalSection
	GlobalSection(ExtensibilityGlobals) = postSolution
		SolutionGuid = {AC523B66-AF4C-4F62-AB9B-99E92E95FF40}
	EndGlobalSection
EndGlobal
